
Microsoft Visual Studio Solution File, Format Version 12.00
# Visual Studio Version 17
VisualStudioVersion = 17.7.34221.43
MinimumVisualStudioVersion = 10.0.40219.1
Project("{9A19103F-16F7-4668-BE54-9A1E7A4F7556}") = "MicroService", "MicroService\MicroService.csproj", "{BC5EEDB3-1BCF-4D33-910C-2D2B694DB796}"
EndProject
Project("{E53339B2-1760-4266-BCC7-CA923CBCF16C}") = "docker-compose", "docker-compose.dcproj", "{597A1F00-844C-464E-B35C-8B38E6FEBFBF}"
EndProject
Global
	GlobalSection(SolutionConfigurationPlatforms) = preSolution
		Debug|Any CPU = Debug|Any CPU
		Release|Any CPU = Release|Any CPU
	EndGlobalSection
	GlobalSection(ProjectConfigurationPlatforms) = postSolution
		{BC5EEDB3-1BCF-4D33-910C-2D2B694DB796}.Debug|Any CPU.ActiveCfg = Debug|Any CPU
		{BC5EEDB3-1BCF-4D33-910C-2D2B694DB796}.Debug|Any CPU.Build.0 = Debug|Any CPU
		{BC5EEDB3-1BCF-4D33-910C-2D2B694DB796}.Release|Any CPU.ActiveCfg = Release|Any CPU
		{BC5EEDB3-1BCF-4D33-910C-2D2B694DB796}.Release|Any CPU.Build.0 = Release|Any CPU
		{597A1F00-844C-464E-B35C-8B38E6FEBFBF}.Debug|Any CPU.ActiveCfg = Debug|Any CPU
		{597A1F00-844C-464E-B35C-8B38E6FEBFBF}.Debug|Any CPU.Build.0 = Debug|Any CPU
		{597A1F00-844C-464E-B35C-8B38E6FEBFBF}.Release|Any CPU.ActiveCfg = Release|Any CPU
		{597A1F00-844C-464E-B35C-8B38E6FEBFBF}.Release|Any CPU.Build.0 = Release|Any CPU
	EndGlobalSection
	GlobalSection(SolutionProperties) = preSolution
		HideSolutionNode = FALSE
	EndGlobalSection
	GlobalSection(ExtensibilityGlobals) = postSolution
		SolutionGuid = {58498424-892C-439D-B482-BECD0C8D85DB}
	EndGlobalSection
EndGlobal
